<?xml version="1.0" encoding="utf-8"?>
<Project ToolsVersion="4.0" xmlns="http://schemas.microsoft.com/developer/msbuild/2003">
  <ItemGroup>
    <Filter Include="Freezer">
      <UniqueIdentifier>{78737521-E452-F4BC-ED6A-7F9359C95A1E}</UniqueIdentifier>
    </Filter>
  </ItemGroup>
  <ItemGroup>
    <ClInclude Include="src\Freezer.h" />
    <ClInclude Include="src\Freezer\Application.h">
      <Filter>Freezer</Filter>
    </ClInclude>
    <ClInclude Include="src\Freezer\Core.h">
      <Filter>Freezer</Filter>
    </ClInclude>
    <ClInclude Include="src\Freezer\EntryPoint.h">
      <Filter>Freezer</Filter>
    </ClInclude>
    <ClInclude Include="src\Freezer\LogSystem.h">
      <Filter>Freezer</Filter>
    </ClInclude>
  </ItemGroup>
  <ItemGroup>
    <ClCompile Include="src\Freezer\Application.cpp">
      <Filter>Freezer</Filter>
    </ClCompile>
    <ClCompile Include="src\Freezer\LogSystem.cpp">
      <Filter>Freezer</Filter>
    </ClCompile>
  </ItemGroup>
</Project>